
Microsoft Visual Studio Solution File, Format Version 12.00
# Visual Studio 15
VisualStudioVersion = 15.0.27130.2036
MinimumVisualStudioVersion = 10.0.40219.1
Project("{FAE04EC0-301F-11D3-BF4B-00C04F79EFBC}") = "Creuna.ApplicationInsights.TelemetryFiltering", "Creuna.ApplicationInsights.TelemetryFiltering\Creuna.ApplicationInsights.TelemetryFiltering.csproj", "{51E7B06C-2034-4EE6-80E0-16142D3B71D0}"
EndProject
Project("{FAE04EC0-301F-11D3-BF4B-00C04F79EFBC}") = "Creuna.Diagnostics", "Creuna.Diagnostics\Creuna.Diagnostics.csproj", "{8700C55A-2E7B-493A-90D9-603F83C0B541}"
EndProject
Project("{FAE04EC0-301F-11D3-BF4B-00C04F79EFBC}") = "Creuna.Diagnostics.Web", "Creuna.Diagnostics.Web\Creuna.Diagnostics.Web.csproj", "{A6FCC4B3-EDCC-4327-939F-AFE67B1468FA}"
EndProject
Project("{FAE04EC0-301F-11D3-BF4B-00C04F79EFBC}") = "Creuna.Diagnostics.Web.Episerver", "Creuna.Diagnostics.Web.Episerver\Creuna.Diagnostics.Web.Episerver.csproj", "{88749921-CD15-4E84-9B7F-306559CE6301}"
EndProject
Project("{FAE04EC0-301F-11D3-BF4B-00C04F79EFBC}") = "EPiLog", "EPiLog\EPiLog.csproj", "{10AD21D9-1A0B-443B-B2C3-4852A078A9F2}"
EndProject
Project("{2150E333-8FDC-42A3-9474-1A3956D46DE8}") = "Solution Items", "Solution Items", "{F940BC22-6781-451A-B16D-203706BCA3D5}"
	ProjectSection(SolutionItems) = preProject
		Creuna.Diagnostics.AssemblyInfo.cs = Creuna.Diagnostics.AssemblyInfo.cs
		readme.md = readme.md
	EndProjectSection
EndProject
Project("{FAE04EC0-301F-11D3-BF4B-00C04F79EFBC}") = "EPiLog.Tests", "EPiLog.Tests\EPiLog.Tests.csproj", "{B3BF25CB-657D-4D55-8C11-3C8A7341D1BE}"
EndProject
Global
	GlobalSection(SolutionConfigurationPlatforms) = preSolution
		Debug|Any CPU = Debug|Any CPU
		Release|Any CPU = Release|Any CPU
	EndGlobalSection
	GlobalSection(ProjectConfigurationPlatforms) = postSolution
		{51E7B06C-2034-4EE6-80E0-16142D3B71D0}.Debug|Any CPU.ActiveCfg = Debug|Any CPU
		{51E7B06C-2034-4EE6-80E0-16142D3B71D0}.Debug|Any CPU.Build.0 = Debug|Any CPU
		{51E7B06C-2034-4EE6-80E0-16142D3B71D0}.Release|Any CPU.ActiveCfg = Release|Any CPU
		{51E7B06C-2034-4EE6-80E0-16142D3B71D0}.Release|Any CPU.Build.0 = Release|Any CPU
		{8700C55A-2E7B-493A-90D9-603F83C0B541}.Debug|Any CPU.ActiveCfg = Debug|Any CPU
		{8700C55A-2E7B-493A-90D9-603F83C0B541}.Debug|Any CPU.Build.0 = Debug|Any CPU
		{8700C55A-2E7B-493A-90D9-603F83C0B541}.Release|Any CPU.ActiveCfg = Release|Any CPU
		{8700C55A-2E7B-493A-90D9-603F83C0B541}.Release|Any CPU.Build.0 = Release|Any CPU
		{A6FCC4B3-EDCC-4327-939F-AFE67B1468FA}.Debug|Any CPU.ActiveCfg = Debug|Any CPU
		{A6FCC4B3-EDCC-4327-939F-AFE67B1468FA}.Debug|Any CPU.Build.0 = Debug|Any CPU
		{A6FCC4B3-EDCC-4327-939F-AFE67B1468FA}.Release|Any CPU.ActiveCfg = Release|Any CPU
		{A6FCC4B3-EDCC-4327-939F-AFE67B1468FA}.Release|Any CPU.Build.0 = Release|Any CPU
		{88749921-CD15-4E84-9B7F-306559CE6301}.Debug|Any CPU.ActiveCfg = Debug|Any CPU
		{88749921-CD15-4E84-9B7F-306559CE6301}.Debug|Any CPU.Build.0 = Debug|Any CPU
		{88749921-CD15-4E84-9B7F-306559CE6301}.Release|Any CPU.ActiveCfg = Release|Any CPU
		{88749921-CD15-4E84-9B7F-306559CE6301}.Release|Any CPU.Build.0 = Release|Any CPU
		{10AD21D9-1A0B-443B-B2C3-4852A078A9F2}.Debug|Any CPU.ActiveCfg = Debug|Any CPU
		{10AD21D9-1A0B-443B-B2C3-4852A078A9F2}.Debug|Any CPU.Build.0 = Debug|Any CPU
		{10AD21D9-1A0B-443B-B2C3-4852A078A9F2}.Release|Any CPU.ActiveCfg = Release|Any CPU
		{10AD21D9-1A0B-443B-B2C3-4852A078A9F2}.Release|Any CPU.Build.0 = Release|Any CPU
		{B3BF25CB-657D-4D55-8C11-3C8A7341D1BE}.Debug|Any CPU.ActiveCfg = Debug|Any CPU
		{B3BF25CB-657D-4D55-8C11-3C8A7341D1BE}.Debug|Any CPU.Build.0 = Debug|Any CPU
		{B3BF25CB-657D-4D55-8C11-3C8A7341D1BE}.Release|Any CPU.ActiveCfg = Release|Any CPU
		{B3BF25CB-657D-4D55-8C11-3C8A7341D1BE}.Release|Any CPU.Build.0 = Release|Any CPU
	EndGlobalSection
	GlobalSection(SolutionProperties) = preSolution
		HideSolutionNode = FALSE
	EndGlobalSection
	GlobalSection(ExtensibilityGlobals) = postSolution
		SolutionGuid = {8341B9BA-45AB-48E5-9F9D-56353E850335}
	EndGlobalSection
EndGlobal
